
Microsoft Visual Studio Solution File, Format Version 12.00
# Visual Studio 15
VisualStudioVersion = 15.0.28307.438
MinimumVisualStudioVersion = 10.0.40219.1
Project("{FAE04EC0-301F-11D3-BF4B-00C04F79EFBC}") = "Quest", "Quest\Quest.csproj", "{198659DF-7974-4A24-B5E3-2ACE6BF7E015}"
EndProject
Global
	GlobalSection(SolutionConfigurationPlatforms) = preSolution
		Debug|Any CPU = Debug|Any CPU
		Release|Any CPU = Release|Any CPU
	EndGlobalSection
	GlobalSection(ProjectConfigurationPlatforms) = postSolution
		{198659DF-7974-4A24-B5E3-2ACE6BF7E015}.Debug|Any CPU.ActiveCfg = Debug|Any CPU
		{198659DF-7974-4A24-B5E3-2ACE6BF7E015}.Debug|Any CPU.Build.0 = Debug|Any CPU
		{198659DF-7974-4A24-B5E3-2ACE6BF7E015}.Release|Any CPU.ActiveCfg = Release|Any CPU
		{198659DF-7974-4A24-B5E3-2ACE6BF7E015}.Release|Any CPU.Build.0 = Release|Any CPU
	EndGlobalSection
	GlobalSection(SolutionProperties) = preSolution
		HideSolutionNode = FALSE
	EndGlobalSection
	GlobalSection(ExtensibilityGlobals) = postSolution
		SolutionGuid = {A76B22D9-64CD-448D-BA11-346B8C465933}
	EndGlobalSection
EndGlobal
